<?xml version="1.0" encoding="utf-8"?>
<Project ToolsVersion="17.0" xmlns="http://schemas.microsoft.com/developer/msbuild/2003">
  <ItemGroup>
    <ClCompile Include="C:\Users\akral\projects\vulkan_guide_project\src\CMakeFiles\engine.dir\cmake_pch.cxx">
      <Filter>Source Files</Filter>
    </ClCompile>
    <ClCompile Include="C:\Users\akral\projects\vulkan_guide_project\vulkan-guide\src\main.cpp">
      <Filter>Source Files</Filter>
    </ClCompile>
    <ClCompile Include="C:\Users\akral\projects\vulkan_guide_project\vulkan-guide\src\vk_initializers.cpp">
      <Filter>Source Files</Filter>
    </ClCompile>
    <ClCompile Include="C:\Users\akral\projects\vulkan_guide_project\vulkan-guide\src\vk_images.cpp">
      <Filter>Source Files</Filter>
    </ClCompile>
    <ClCompile Include="C:\Users\akral\projects\vulkan_guide_project\vulkan-guide\src\vk_descriptors.cpp">
      <Filter>Source Files</Filter>
    </ClCompile>
    <ClCompile Include="C:\Users\akral\projects\vulkan_guide_project\vulkan-guide\src\vk_pipelines.cpp">
      <Filter>Source Files</Filter>
    </ClCompile>
    <ClCompile Include="C:\Users\akral\projects\vulkan_guide_project\vulkan-guide\src\vk_engine.cpp">
      <Filter>Source Files</Filter>
    </ClCompile>
    <ClCompile Include="C:\Users\akral\projects\vulkan_guide_project\vulkan-guide\src\vk_loader.cpp">
      <Filter>Source Files</Filter>
    </ClCompile>
    <ClCompile Include="C:\Users\akral\projects\vulkan_guide_project\vulkan-guide\src\camera.cpp">
      <Filter>Source Files</Filter>
    </ClCompile>
  </ItemGroup>
  <ItemGroup>
    <ClInclude Include="C:\Users\akral\projects\vulkan_guide_project\vulkan-guide\src\vk_types.h">
      <Filter>Header Files</Filter>
    </ClInclude>
    <ClInclude Include="C:\Users\akral\projects\vulkan_guide_project\vulkan-guide\src\vk_initializers.h">
      <Filter>Header Files</Filter>
    </ClInclude>
    <ClInclude Include="C:\Users\akral\projects\vulkan_guide_project\vulkan-guide\src\vk_images.h">
      <Filter>Header Files</Filter>
    </ClInclude>
    <ClInclude Include="C:\Users\akral\projects\vulkan_guide_project\vulkan-guide\src\vk_descriptors.h">
      <Filter>Header Files</Filter>
    </ClInclude>
    <ClInclude Include="C:\Users\akral\projects\vulkan_guide_project\vulkan-guide\src\vk_pipelines.h">
      <Filter>Header Files</Filter>
    </ClInclude>
    <ClInclude Include="C:\Users\akral\projects\vulkan_guide_project\vulkan-guide\src\vk_engine.h">
      <Filter>Header Files</Filter>
    </ClInclude>
    <ClInclude Include="C:\Users\akral\projects\vulkan_guide_project\vulkan-guide\src\vk_loader.h">
      <Filter>Header Files</Filter>
    </ClInclude>
    <ClInclude Include="C:\Users\akral\projects\vulkan_guide_project\vulkan-guide\src\camera.h">
      <Filter>Header Files</Filter>
    </ClInclude>
    <ClInclude Include="C:\Users\akral\projects\vulkan_guide_project\src\CMakeFiles\engine.dir\Debug\cmake_pch.hxx">
      <Filter>Precompile Header File</Filter>
    </ClInclude>
    <ClInclude Include="C:\Users\akral\projects\vulkan_guide_project\src\CMakeFiles\engine.dir\Release\cmake_pch.hxx">
      <Filter>Precompile Header File</Filter>
    </ClInclude>
    <ClInclude Include="C:\Users\akral\projects\vulkan_guide_project\src\CMakeFiles\engine.dir\MinSizeRel\cmake_pch.hxx">
      <Filter>Precompile Header File</Filter>
    </ClInclude>
    <ClInclude Include="C:\Users\akral\projects\vulkan_guide_project\src\CMakeFiles\engine.dir\RelWithDebInfo\cmake_pch.hxx">
      <Filter>Precompile Header File</Filter>
    </ClInclude>
  </ItemGroup>
  <ItemGroup>
    <CustomBuild Include="C:\Users\akral\projects\vulkan_guide_project\vulkan-guide\src\CMakeLists.txt" />
  </ItemGroup>
  <ItemGroup>
    <Filter Include="Header Files">
      <UniqueIdentifier>{1462F015-37D1-3BC2-BF91-C4813E0582FE}</UniqueIdentifier>
    </Filter>
    <Filter Include="Precompile Header File">
      <UniqueIdentifier>{CF014B40-68CC-3C1F-83FE-F0D8FF18437E}</UniqueIdentifier>
    </Filter>
    <Filter Include="Source Files">
      <UniqueIdentifier>{E45EDCA6-CDC1-30BF-BC79-E26E9A79556F}</UniqueIdentifier>
    </Filter>
  </ItemGroup>
</Project>
